
Microsoft Visual Studio Solution File, Format Version 12.00
# Visual Studio 15
VisualStudioVersion = 15.0.28307.1267
MinimumVisualStudioVersion = 10.0.40219.1
Project("{FAE04EC0-301F-11D3-BF4B-00C04F79EFBC}") = "rm-Clicker", "rm-Clicker.csproj", "{DCFDA404-E59A-4CA2-9D3D-1C506E10525F}"
EndProject
Global
	GlobalSection(SolutionConfigurationPlatforms) = preSolution
		Debug|Any CPU = Debug|Any CPU
		Release|Any CPU = Release|Any CPU
	EndGlobalSection
	GlobalSection(ProjectConfigurationPlatforms) = postSolution
		{DCFDA404-E59A-4CA2-9D3D-1C506E10525F}.Debug|Any CPU.ActiveCfg = Debug|Any CPU
		{DCFDA404-E59A-4CA2-9D3D-1C506E10525F}.Debug|Any CPU.Build.0 = Debug|Any CPU
		{DCFDA404-E59A-4CA2-9D3D-1C506E10525F}.Release|Any CPU.ActiveCfg = Release|Any CPU
		{DCFDA404-E59A-4CA2-9D3D-1C506E10525F}.Release|Any CPU.Build.0 = Release|Any CPU
	EndGlobalSection
	GlobalSection(SolutionProperties) = preSolution
		HideSolutionNode = FALSE
	EndGlobalSection
	GlobalSection(ExtensibilityGlobals) = postSolution
		SolutionGuid = {0418F3EA-484A-4B9A-AB6A-9A28B84C51DE}
	EndGlobalSection
EndGlobal
